
Microsoft Visual Studio Solution File, Format Version 12.00
# Visual Studio Version 16
VisualStudioVersion = 16.0.30204.135
MinimumVisualStudioVersion = 10.0.40219.1
Project("{FAE04EC0-301F-11D3-BF4B-00C04F79EFBC}") = "EntityFrameworkDemo", "EntityFrameworkDemo.csproj", "{5ED3CCDA-8CEE-4841-9258-728EB5B5140F}"
EndProject
Project("{FAE04EC0-301F-11D3-BF4B-00C04F79EFBC}") = "EFDemo2", "..\EFDemo2\EFDemo2.csproj", "{D06C865E-930B-4C3B-B796-58698D370816}"
EndProject
Project("{FAE04EC0-301F-11D3-BF4B-00C04F79EFBC}") = "EFConsoleBankAppDemo", "..\EFConsoleBankAppDemo\EFConsoleBankAppDemo.csproj", "{9D6D89B7-A0EF-498E-8DF7-431339FEBEB8}"
EndProject
Project("{FAE04EC0-301F-11D3-BF4B-00C04F79EFBC}") = "ConsoleAppDemo_BankApp", "..\ConsoleAppDemo_BankApp\ConsoleAppDemo_BankApp.csproj", "{36AF3F18-732E-41CE-A00B-F414138C94FC}"
EndProject
Project("{FAE04EC0-301F-11D3-BF4B-00C04F79EFBC}") = "StoreAppWithConsole", "..\StoreAppWithConsole\StoreAppWithConsole.csproj", "{BC069571-D951-4981-BC77-DB374F6AE176}"
EndProject
Project("{FAE04EC0-301F-11D3-BF4B-00C04F79EFBC}") = "ConsoleRpgProject", "..\ConsoleRpgProject\ConsoleRpgProject.csproj", "{6767FD38-4CF4-440B-8DE1-10B5EC56B32E}"
EndProject
Project("{FAE04EC0-301F-11D3-BF4B-00C04F79EFBC}") = "Ado.Net_Demo", "..\Ado.Net_Demo\Ado.Net_Demo.csproj", "{B81A192C-83BC-4005-8879-80626030D069}"
EndProject
Project("{FAE04EC0-301F-11D3-BF4B-00C04F79EFBC}") = "Ado.NetDemoWithConsole", "..\Ado.NetDemoWithConsole\Ado.NetDemoWithConsole.csproj", "{596B2614-3AAC-41FE-B14C-5F1C52FA7BF9}"
EndProject
Project("{FAE04EC0-301F-11D3-BF4B-00C04F79EFBC}") = "OOPPrototype_Rpg", "..\OOPPrototype_Rpg\OOPPrototype_Rpg.csproj", "{A9570B89-1EA8-4F8A-91B8-D7A7A19AA491}"
EndProject
Project("{FAE04EC0-301F-11D3-BF4B-00C04F79EFBC}") = "OOPPrototype_Basketball", "..\OOPPrototype_Basketball\OOPPrototype_Basketball.csproj", "{9111E523-1CED-4AC8-B043-8E256E2B4DD1}"
EndProject
Project("{FAE04EC0-301F-11D3-BF4B-00C04F79EFBC}") = "OOPPrototype_Fps", "..\OOPPrototype_Fps\OOPPrototype_Fps.csproj", "{186ED119-C52D-40E5-B507-4D0B06FD6AC2}"
EndProject
Project("{FAE04EC0-301F-11D3-BF4B-00C04F79EFBC}") = "OOPPrototype_Football", "..\OOPPrototype_Football\OOPPrototype_Football.csproj", "{0195F954-E181-4229-88A0-6010024D97F6}"
EndProject
Global
	GlobalSection(SolutionConfigurationPlatforms) = preSolution
		Debug|Any CPU = Debug|Any CPU
		Release|Any CPU = Release|Any CPU
	EndGlobalSection
	GlobalSection(ProjectConfigurationPlatforms) = postSolution
		{5ED3CCDA-8CEE-4841-9258-728EB5B5140F}.Debug|Any CPU.ActiveCfg = Debug|Any CPU
		{5ED3CCDA-8CEE-4841-9258-728EB5B5140F}.Debug|Any CPU.Build.0 = Debug|Any CPU
		{5ED3CCDA-8CEE-4841-9258-728EB5B5140F}.Release|Any CPU.ActiveCfg = Release|Any CPU
		{5ED3CCDA-8CEE-4841-9258-728EB5B5140F}.Release|Any CPU.Build.0 = Release|Any CPU
		{D06C865E-930B-4C3B-B796-58698D370816}.Debug|Any CPU.ActiveCfg = Debug|Any CPU
		{D06C865E-930B-4C3B-B796-58698D370816}.Debug|Any CPU.Build.0 = Debug|Any CPU
		{D06C865E-930B-4C3B-B796-58698D370816}.Release|Any CPU.ActiveCfg = Release|Any CPU
		{D06C865E-930B-4C3B-B796-58698D370816}.Release|Any CPU.Build.0 = Release|Any CPU
		{9D6D89B7-A0EF-498E-8DF7-431339FEBEB8}.Debug|Any CPU.ActiveCfg = Debug|Any CPU
		{9D6D89B7-A0EF-498E-8DF7-431339FEBEB8}.Debug|Any CPU.Build.0 = Debug|Any CPU
		{9D6D89B7-A0EF-498E-8DF7-431339FEBEB8}.Release|Any CPU.ActiveCfg = Release|Any CPU
		{9D6D89B7-A0EF-498E-8DF7-431339FEBEB8}.Release|Any CPU.Build.0 = Release|Any CPU
		{36AF3F18-732E-41CE-A00B-F414138C94FC}.Debug|Any CPU.ActiveCfg = Debug|Any CPU
		{36AF3F18-732E-41CE-A00B-F414138C94FC}.Debug|Any CPU.Build.0 = Debug|Any CPU
		{36AF3F18-732E-41CE-A00B-F414138C94FC}.Release|Any CPU.ActiveCfg = Release|Any CPU
		{36AF3F18-732E-41CE-A00B-F414138C94FC}.Release|Any CPU.Build.0 = Release|Any CPU
		{BC069571-D951-4981-BC77-DB374F6AE176}.Debug|Any CPU.ActiveCfg = Debug|Any CPU
		{BC069571-D951-4981-BC77-DB374F6AE176}.Debug|Any CPU.Build.0 = Debug|Any CPU
		{BC069571-D951-4981-BC77-DB374F6AE176}.Release|Any CPU.ActiveCfg = Release|Any CPU
		{BC069571-D951-4981-BC77-DB374F6AE176}.Release|Any CPU.Build.0 = Release|Any CPU
		{6767FD38-4CF4-440B-8DE1-10B5EC56B32E}.Debug|Any CPU.ActiveCfg = Debug|Any CPU
		{6767FD38-4CF4-440B-8DE1-10B5EC56B32E}.Debug|Any CPU.Build.0 = Debug|Any CPU
		{6767FD38-4CF4-440B-8DE1-10B5EC56B32E}.Release|Any CPU.ActiveCfg = Release|Any CPU
		{6767FD38-4CF4-440B-8DE1-10B5EC56B32E}.Release|Any CPU.Build.0 = Release|Any CPU
		{B81A192C-83BC-4005-8879-80626030D069}.Debug|Any CPU.ActiveCfg = Debug|Any CPU
		{B81A192C-83BC-4005-8879-80626030D069}.Debug|Any CPU.Build.0 = Debug|Any CPU
		{B81A192C-83BC-4005-8879-80626030D069}.Release|Any CPU.ActiveCfg = Release|Any CPU
		{B81A192C-83BC-4005-8879-80626030D069}.Release|Any CPU.Build.0 = Release|Any CPU
		{596B2614-3AAC-41FE-B14C-5F1C52FA7BF9}.Debug|Any CPU.ActiveCfg = Debug|Any CPU
		{596B2614-3AAC-41FE-B14C-5F1C52FA7BF9}.Debug|Any CPU.Build.0 = Debug|Any CPU
		{596B2614-3AAC-41FE-B14C-5F1C52FA7BF9}.Release|Any CPU.ActiveCfg = Release|Any CPU
		{596B2614-3AAC-41FE-B14C-5F1C52FA7BF9}.Release|Any CPU.Build.0 = Release|Any CPU
		{A9570B89-1EA8-4F8A-91B8-D7A7A19AA491}.Debug|Any CPU.ActiveCfg = Debug|Any CPU
		{A9570B89-1EA8-4F8A-91B8-D7A7A19AA491}.Debug|Any CPU.Build.0 = Debug|Any CPU
		{A9570B89-1EA8-4F8A-91B8-D7A7A19AA491}.Release|Any CPU.ActiveCfg = Release|Any CPU
		{A9570B89-1EA8-4F8A-91B8-D7A7A19AA491}.Release|Any CPU.Build.0 = Release|Any CPU
		{9111E523-1CED-4AC8-B043-8E256E2B4DD1}.Debug|Any CPU.ActiveCfg = Debug|Any CPU
		{9111E523-1CED-4AC8-B043-8E256E2B4DD1}.Debug|Any CPU.Build.0 = Debug|Any CPU
		{9111E523-1CED-4AC8-B043-8E256E2B4DD1}.Release|Any CPU.ActiveCfg = Release|Any CPU
		{9111E523-1CED-4AC8-B043-8E256E2B4DD1}.Release|Any CPU.Build.0 = Release|Any CPU
		{186ED119-C52D-40E5-B507-4D0B06FD6AC2}.Debug|Any CPU.ActiveCfg = Debug|Any CPU
		{186ED119-C52D-40E5-B507-4D0B06FD6AC2}.Debug|Any CPU.Build.0 = Debug|Any CPU
		{186ED119-C52D-40E5-B507-4D0B06FD6AC2}.Release|Any CPU.ActiveCfg = Release|Any CPU
		{186ED119-C52D-40E5-B507-4D0B06FD6AC2}.Release|Any CPU.Build.0 = Release|Any CPU
		{0195F954-E181-4229-88A0-6010024D97F6}.Debug|Any CPU.ActiveCfg = Debug|Any CPU
		{0195F954-E181-4229-88A0-6010024D97F6}.Debug|Any CPU.Build.0 = Debug|Any CPU
		{0195F954-E181-4229-88A0-6010024D97F6}.Release|Any CPU.ActiveCfg = Release|Any CPU
		{0195F954-E181-4229-88A0-6010024D97F6}.Release|Any CPU.Build.0 = Release|Any CPU
	EndGlobalSection
	GlobalSection(SolutionProperties) = preSolution
		HideSolutionNode = FALSE
	EndGlobalSection
	GlobalSection(ExtensibilityGlobals) = postSolution
		SolutionGuid = {735A198B-58E3-4511-822F-735909C453FB}
	EndGlobalSection
EndGlobal
